
Microsoft Visual Studio Solution File, Format Version 12.00
# Visual Studio 2012
Project("{FAE04EC0-301F-11D3-BF4B-00C04F79EFBC}") = "LemonadeStandCompany", "LemonadeStandCompany\LemonadeStandCompany.csproj", "{6C4E17C8-79A8-42F0-96B3-B90CF00B66CF}"
EndProject
Global
	GlobalSection(SolutionConfigurationPlatforms) = preSolution
		Debug|x86 = Debug|x86
		Release|x86 = Release|x86
	EndGlobalSection
	GlobalSection(ProjectConfigurationPlatforms) = postSolution
		{6C4E17C8-79A8-42F0-96B3-B90CF00B66CF}.Debug|x86.ActiveCfg = Debug|x86
		{6C4E17C8-79A8-42F0-96B3-B90CF00B66CF}.Debug|x86.Build.0 = Debug|x86
		{6C4E17C8-79A8-42F0-96B3-B90CF00B66CF}.Release|x86.ActiveCfg = Release|x86
		{6C4E17C8-79A8-42F0-96B3-B90CF00B66CF}.Release|x86.Build.0 = Release|x86
	EndGlobalSection
EndGlobal
